// !$*UTF8*$!
{
	archiveVersion = 1;
	classes = {
	};
	objectVersion = 46;
	objects = {

/* Begin PBXBuildFile section */
		959028371F2B0EAA005000BE /* main.m in Sources */ = {isa = PBXBuildFile; fileRef = 959028361F2B0EAA005000BE /* main.m */; };
		9590283A1F2B0EAA005000BE /* AppDelegate.m in Sources */ = {isa = PBXBuildFile; fileRef = 959028391F2B0EAA005000BE /* AppDelegate.m */; };
		9590283D1F2B0EAA005000BE /* ViewController.m in Sources */ = {isa = PBXBuildFile; fileRef = 9590283C1F2B0EAA005000BE /* ViewController.m */; };
		959028401F2B0EAA005000BE /* Main.storyboard in Resources */ = {isa = PBXBuildFile; fileRef = 9590283E1F2B0EAA005000BE /* Main.storyboard */; };
		959028421F2B0EAA005000BE /* Assets.xcassets in Resources */ = {isa = PBXBuildFile; fileRef = 959028411F2B0EAA005000BE /* Assets.xcassets */; };
		959028451F2B0EAA005000BE /* LaunchScreen.storyboard in Resources */ = {isa = PBXBuildFile; fileRef = 959028431F2B0EAA005000BE /* LaunchScreen.storyboard */; };
		959028511F2B0F33005000BE /* VCRoot.m in Sources */ = {isa = PBXBuildFile; fileRef = 959028501F2B0F33005000BE /* VCRoot.m */; };
		959028531F2B0F74005000BE /* VCRoot.xib in Resources */ = {isa = PBXBuildFile; fileRef = 959028521F2B0F74005000BE /* VCRoot.xib */; };
/* End PBXBuildFile section */

/* Begin PBXFileReference section */
		959028321F2B0EAA005000BE /* XIB控件创建.app */ = {isa = PBXFileReference; explicitFileType = wrapper.application; includeInIndex = 0; path = "XIB控件创建.app"; sourceTree = BUILT_PRODUCTS_DIR; };
		959028361F2B0EAA005000BE /* main.m */ = {isa = PBXFileReference; lastKnownFileType = sourcecode.c.objc; path = main.m; sourceTree = "<group>"; };
		959028381F2B0EAA005000BE /* AppDelegate.h */ = {isa = PBXFileReference; lastKnownFileType = sourcecode.c.h; path = AppDelegate.h; sourceTree = "<group>"; };
		959028391F2B0EAA005000BE /* AppDelegate.m */ = {isa = PBXFileReference; lastKnownFileType = sourcecode.c.objc; path = AppDelegate.m; sourceTree = "<group>"; };
		9590283B1F2B0EAA005000BE /* ViewController.h */ = {isa = PBXFileReference; lastKnownFileType = sourcecode.c.h; path = ViewController.h; sourceTree = "<group>"; };
		9590283C1F2B0EAA005000BE /* ViewController.m */ = {isa = PBXFileReference; lastKnownFileType = sourcecode.c.objc; path = ViewController.m; sourceTree = "<group>"; };
		9590283F1F2B0EAA005000BE /* Base */ = {isa = PBXFileReference; lastKnownFileType = file.storyboard; name = Base; path = Base.lproj/Main.storyboard; sourceTree = "<group>"; };
		959028411F2B0EAA005000BE /* Assets.xcassets */ = {isa = PBXFileReference; lastKnownFileType = folder.assetcatalog; path = Assets.xcassets; sourceTree = "<group>"; };
		959028441F2B0EAA005000BE /* Base */ = {isa = PBXFileReference; lastKnownFileType = file.storyboard; name = Base; path = Base.lproj/LaunchScreen.storyboard; sourceTree = "<group>"; };
		959028461F2B0EAA005000BE /* Info.plist */ = {isa = PBXFileReference; lastKnownFileType = text.plist.xml; path = Info.plist; sourceTree = "<group>"; };
		9590284F1F2B0F33005000BE /* VCRoot.h */ = {isa = PBXFileReference; fileEncoding = 4; lastKnownFileType = sourcecode.c.h; name = VCRoot.h; path = "XIB控件创建/VCRoot.h"; sourceTree = "<group>"; };
		959028501F2B0F33005000BE /* VCRoot.m */ = {isa = PBXFileReference; fileEncoding = 4; lastKnownFileType = sourcecode.c.objc; name = VCRoot.m; path = "XIB控件创建/VCRoot.m"; sourceTree = "<group>"; };
		959028521F2B0F74005000BE /* VCRoot.xib */ = {isa = PBXFileReference; fileEncoding = 4; lastKnownFileType = file.xib; path = VCRoot.xib; sourceTree = "<group>"; };
/* End PBXFileReference section */

/* Begin PBXFrameworksBuildPhase section */
		9590282F1F2B0EAA005000BE /* Frameworks */ = {
			isa = PBXFrameworksBuildPhase;
			buildActionMask = 2147483647;
			files = (
			);
			runOnlyForDeploymentPostprocessing = 0;
		};
/* End PBXFrameworksBuildPhase section */

/* Begin PBXGroup section */
		959028291F2B0EAA005000BE = {
			isa = PBXGroup;
			children = (
				9590284F1F2B0F33005000BE /* VCRoot.h */,
				959028501F2B0F33005000BE /* VCRoot.m */,
				959028521F2B0F74005000BE /* VCRoot.xib */,
				959028341F2B0EAA005000BE /* XIB控件创建 */,
				959028331F2B0EAA005000BE /* Products */,
			);
			sourceTree = "<group>";
		};
		959028331F2B0EAA005000BE /* Products */ = {
			isa = PBXGroup;
			children = (
				959028321F2B0EAA005000BE /* XIB控件创建.app */,
			);
			name = Products;
			sourceTree = "<group>";
		};
		959028341F2B0EAA005000BE /* XIB控件创建 */ = {
			isa = PBXGroup;
			children = (
				959028381F2B0EAA005000BE /* AppDelegate.h */,
				959028391F2B0EAA005000BE /* AppDelegate.m */,
				9590283B1F2B0EAA005000BE /* ViewController.h */,
				9590283C1F2B0EAA005000BE /* ViewController.m */,
				9590283E1F2B0EAA005000BE /* Main.storyboard */,
				959028411F2B0EAA005000BE /* Assets.xcassets */,
				959028431F2B0EAA005000BE /* LaunchScreen.storyboard */,
				959028461F2B0EAA005000BE /* Info.plist */,
				959028351F2B0EAA005000BE /* Supporting Files */,
			);
			path = "XIB控件创建";
			sourceTree = "<group>";
		};
		959028351F2B0EAA005000BE /* Supporting Files */ = {
			isa = PBXGroup;
			children = (
				959028361F2B0EAA005000BE /* main.m */,
			);
			name = "Supporting Files";
			sourceTree = "<group>";
		};
/* End PBXGroup section */

/* Begin PBXNativeTarget section */
		959028311F2B0EAA005000BE /* XIB控件创建 */ = {
			isa = PBXNativeTarget;
			buildConfigurationList = 959028491F2B0EAA005000BE /* Build configuration list for PBXNativeTarget "XIB控件创建" */;
			buildPhases = (
				9590282E1F2B0EAA005000BE /* Sources */,
				9590282F1F2B0EAA005000BE /* Frameworks */,
				959028301F2B0EAA005000BE /* Resources */,
			);
			buildRules = (
			);
			dependencies = (
			);
			name = "XIB控件创建";
			productName = "XIB控件创建";
			productReference = 959028321F2B0EAA005000BE /* XIB控件创建.app */;
			productType = "com.apple.product-type.application";
		};
/* End PBXNativeTarget section */

/* Begin PBXProject section */
		9590282A1F2B0EAA005000BE /* Project object */ = {
			isa = PBXProject;
			attributes = {
				LastUpgradeCheck = 0830;
				ORGANIZATIONNAME = 58qifu;
				TargetAttributes = {
					959028311F2B0EAA005000BE = {
						CreatedOnToolsVersion = 8.3.3;
						ProvisioningStyle = Automatic;
					};
				};
			};
			buildConfigurationList = 9590282D1F2B0EAA005000BE /* Build configuration list for PBXProject "XIB控件创建" */;
			compatibilityVersion = "Xcode 3.2";
			developmentRegion = English;
			hasScannedForEncodings = 0;
			knownRegions = (
				en,
				Base,
			);
			mainGroup = 959028291F2B0EAA005000BE;
			productRefGroup = 959028331F2B0EAA005000BE /* Products */;
			projectDirPath = "";
			projectRoot = "";
			targets = (
				959028311F2B0EAA005000BE /* XIB控件创建 */,
			);
		};
/* End PBXProject section */

/* Begin PBXResourcesBuildPhase section */
		959028301F2B0EAA005000BE /* Resources */ = {
			isa = PBXResourcesBuildPhase;
			buildActionMask = 2147483647;
			files = (
				959028531F2B0F74005000BE /* VCRoot.xib in Resources */,
				959028451F2B0EAA005000BE /* LaunchScreen.storyboard in Resources */,
				959028421F2B0EAA005000BE /* Assets.xcassets in Resources */,
				959028401F2B0EAA005000BE /* Main.storyboard in Resources */,
			);
			runOnlyForDeploymentPostprocessing = 0;
		};
/* End PBXResourcesBuildPhase section */

/* Begin PBXSourcesBuildPhase section */
		9590282E1F2B0EAA005000BE /* Sources */ = {
			isa = PBXSourcesBuildPhase;
			buildActionMask = 2147483647;
			files = (
				959028511F2B0F33005000BE /* VCRoot.m in Sources */,
				9590283D1F2B0EAA005000BE /* ViewController.m in Sources */,
				9590283A1F2B0EAA005000BE /* AppDelegate.m in Sources */,
				959028371F2B0EAA005000BE /* main.m in Sources */,
			);
			runOnlyForDeploymentPostprocessing = 0;
		};
/* End PBXSourcesBuildPhase section */

/* Begin PBXVariantGroup section */
		9590283E1F2B0EAA005000BE /* Main.storyboard */ = {
			isa = PBXVariantGroup;
			children = (
				9590283F1F2B0EAA005000BE /* Base */,
			);
			name = Main.storyboard;
			sourceTree = "<group>";
		};
		959028431F2B0EAA005000BE /* LaunchScreen.storyboard */ = {
			isa = PBXVariantGroup;
			children = (
				959028441F2B0EAA005000BE /* Base */,
			);
			name = LaunchScreen.storyboard;
			sourceTree = "<group>";
		};
/* End PBXVariantGroup section */

/* Begin XCBuildConfiguration section */
		959028471F2B0EAA005000BE /* Debug */ = {
			isa = XCBuildConfiguration;
			buildSettings = {
				ALWAYS_SEARCH_USER_PATHS = NO;
				CLANG_ANALYZER_NONNULL = YES;
				CLANG_ANALYZER_NUMBER_OBJECT_CONVERSION = YES_AGGRESSIVE;
				CLANG_CXX_LANGUAGE_STANDARD = "gnu++0x";
				CLANG_CXX_LIBRARY = "libc++";
				CLANG_ENABLE_MODULES = YES;
				CLANG_ENABLE_OBJC_ARC = YES;
				CLANG_WARN_BOOL_CONVERSION = YES;
				CLANG_WARN_CONSTANT_CONVERSION = YES;
				CLANG_WARN_DIRECT_OBJC_ISA_USAGE = YES_ERROR;
				CLANG_WARN_DOCUMENTATION_COMMENTS = YES;
				CLANG_WARN_EMPTY_BODY = YES;
				CLANG_WARN_ENUM_CONVERSION = YES;
				CLANG_WARN_INFINITE_RECURSION = YES;
				CLANG_WARN_INT_CONVERSION = YES;
				CLANG_WARN_OBJC_ROOT_CLASS = YES_ERROR;
				CLANG_WARN_SUSPICIOUS_MOVE = YES;
				CLANG_WARN_UNREACHABLE_CODE = YES;
				CLANG_WARN__DUPLICATE_METHOD_MATCH = YES;
				"CODE_SIGN_IDENTITY[sdk=iphoneos*]" = "iPhone Developer";
				COPY_PHASE_STRIP = NO;
				DEBUG_INFORMATION_FORMAT = dwarf;
				ENABLE_STRICT_OBJC_MSGSEND = YES;
				ENABLE_TESTABILITY = YES;
				GCC_C_LANGUAGE_STANDARD = gnu99;
				GCC_DYNAMIC_NO_PIC = NO;
				GCC_NO_COMMON_BLOCKS = YES;
				GCC_OPTIMIZATION_LEVEL = 0;
				GCC_PREPROCESSOR_DEFINITIONS = (
					"DEBUG=1",
					"$(inherited)",
				);
				GCC_WARN_64_TO_32_BIT_CONVERSION = YES;
				GCC_WARN_ABOUT_RETURN_TYPE = YES_ERROR;
				GCC_WARN_UNDECLARED_SELECTOR = YES;
				GCC_WARN_UNINITIALIZED_AUTOS = YES_AGGRESSIVE;
				GCC_WARN_UNUSED_FUNCTION = YES;
				GCC_WARN_UNUSED_VARIABLE = YES;
				IPHONEOS_DEPLOYMENT_TARGET = 10.3;
				MTL_ENABLE_DEBUG_INFO = YES;
				ONLY_ACTIVE_ARCH = YES;
				SDKROOT = iphoneos;
			};
			name = Debug;
		};
		959028481F2B0EAA005000BE /* Release */ = {
			isa = XCBuildConfiguration;
			buildSettings = {
				ALWAYS_SEARCH_USER_PATHS = NO;
				CLANG_ANALYZER_NONNULL = YES;
				CLANG_ANALYZER_NUMBER_OBJECT_CONVERSION = YES_AGGRESSIVE;
				CLANG_CXX_LANGUAGE_STANDARD = "gnu++0x";
				CLANG_CXX_LIBRARY = "libc++";
				CLANG_ENABLE_MODULES = YES;
				CLANG_ENABLE_OBJC_ARC = YES;
				CLANG_WARN_BOOL_CONVERSION = YES;
				CLANG_WARN_CONSTANT_CONVERSION = YES;
				CLANG_WARN_DIRECT_OBJC_ISA_USAGE = YES_ERROR;
				CLANG_WARN_DOCUMENTATION_COMMENTS = YES;
				CLANG_WARN_EMPTY_BODY = YES;
				CLANG_WARN_ENUM_CONVERSION = YES;
				CLANG_WARN_INFINITE_RECURSION = YES;
				CLANG_WARN_INT_CONVERSION = YES;
				CLANG_WARN_OBJC_ROOT_CLASS = YES_ERROR;
				CLANG_WARN_SUSPICIOUS_MOVE = YES;
				CLANG_WARN_UNREACHABLE_CODE = YES;
				CLANG_WARN__DUPLICATE_METHOD_MATCH = YES;
				"CODE_SIGN_IDENTITY[sdk=iphoneos*]" = "iPhone Developer";
				COPY_PHASE_STRIP = NO;
				DEBUG_INFORMATION_FORMAT = "dwarf-with-dsym";
				ENABLE_NS_ASSERTIONS = NO;
				ENABLE_STRICT_OBJC_MSGSEND = YES;
				GCC_C_LANGUAGE_STANDARD = gnu99;
				GCC_NO_COMMON_BLOCKS = YES;
				GCC_WARN_64_TO_32_BIT_CONVERSION = YES;
				GCC_WARN_ABOUT_RETURN_TYPE = YES_ERROR;
				GCC_WARN_UNDECLARED_SELECTOR = YES;
				GCC_WARN_UNINITIALIZED_AUTOS = YES_AGGRESSIVE;
				GCC_WARN_UNUSED_FUNCTION = YES;
				GCC_WARN_UNUSED_VARIABLE = YES;
				IPHONEOS_DEPLOYMENT_TARGET = 10.3;
				MTL_ENABLE_DEBUG_INFO = NO;
				SDKROOT = iphoneos;
				VALIDATE_PRODUCT = YES;
			};
			name = Release;
		};
		9590284A1F2B0EAA005000BE /* Debug */ = {
			isa = XCBuildConfiguration;
			buildSettings = {
				ASSETCATALOG_COMPILER_APPICON_NAME = AppIcon;
				INFOPLIST_FILE = "XIB控件创建/Info.plist";
				LD_RUNPATH_SEARCH_PATHS = "$(inherited) @executable_path/Frameworks";
				PRODUCT_BUNDLE_IDENTIFIER = "com.linsir.XIB----";
				PRODUCT_NAME = "$(TARGET_NAME)";
			};
			name = Debug;
		};
		9590284B1F2B0EAA005000BE /* Release */ = {
			isa = XCBuildConfiguration;
			buildSettings = {
				ASSETCATALOG_COMPILER_APPICON_NAME = AppIcon;
				INFOPLIST_FILE = "XIB控件创建/Info.plist";
				LD_RUNPATH_SEARCH_PATHS = "$(inherited) @executable_path/Frameworks";
				PRODUCT_BUNDLE_IDENTIFIER = "com.linsir.XIB----";
				PRODUCT_NAME = "$(TARGET_NAME)";
			};
			name = Release;
		};
/* End XCBuildConfiguration section */

/* Begin XCConfigurationList section */
		9590282D1F2B0EAA005000BE /* Build configuration list for PBXProject "XIB控件创建" */ = {
			isa = XCConfigurationList;
			buildConfigurations = (
				959028471F2B0EAA005000BE /* Debug */,
				959028481F2B0EAA005000BE /* Release */,
			);
			defaultConfigurationIsVisible = 0;
			defaultConfigurationName = Release;
		};
		959028491F2B0EAA005000BE /* Build configuration list for PBXNativeTarget "XIB控件创建" */ = {
			isa = XCConfigurationList;
			buildConfigurations = (
				9590284A1F2B0EAA005000BE /* Debug */,
				9590284B1F2B0EAA005000BE /* Release */,
			);
			defaultConfigurationIsVisible = 0;
		};
/* End XCConfigurationList section */
	};
	rootObject = 9590282A1F2B0EAA005000BE /* Project object */;
}
