// !$*UTF8*$!
{
	archiveVersion = 1;
	classes = {
	};
	objectVersion = 46;
	objects = {

/* Begin PBXBuildFile section */
		95964A461F258F6C00272405 /* main.m in Sources */ = {isa = PBXBuildFile; fileRef = 95964A451F258F6C00272405 /* main.m */; };
		95964A491F258F6C00272405 /* AppDelegate.m in Sources */ = {isa = PBXBuildFile; fileRef = 95964A481F258F6C00272405 /* AppDelegate.m */; };
		95964A4C1F258F6C00272405 /* ViewController.m in Sources */ = {isa = PBXBuildFile; fileRef = 95964A4B1F258F6C00272405 /* ViewController.m */; };
		95964A4F1F258F6C00272405 /* Main.storyboard in Resources */ = {isa = PBXBuildFile; fileRef = 95964A4D1F258F6C00272405 /* Main.storyboard */; };
		95964A511F258F6C00272405 /* Assets.xcassets in Resources */ = {isa = PBXBuildFile; fileRef = 95964A501F258F6C00272405 /* Assets.xcassets */; };
		95964A541F258F6C00272405 /* LaunchScreen.storyboard in Resources */ = {isa = PBXBuildFile; fileRef = 95964A521F258F6C00272405 /* LaunchScreen.storyboard */; };
		95964A5D1F259AA000272405 /* btn01.png in Resources */ = {isa = PBXBuildFile; fileRef = 95964A5B1F259AA000272405 /* btn01.png */; };
		95964A5E1F259AA000272405 /* btn02.png in Resources */ = {isa = PBXBuildFile; fileRef = 95964A5C1F259AA000272405 /* btn02.png */; };
/* End PBXBuildFile section */

/* Begin PBXFileReference section */
		95964A411F258F6C00272405 /* UI Button.app */ = {isa = PBXFileReference; explicitFileType = wrapper.application; includeInIndex = 0; path = "UI Button.app"; sourceTree = BUILT_PRODUCTS_DIR; };
		95964A451F258F6C00272405 /* main.m */ = {isa = PBXFileReference; lastKnownFileType = sourcecode.c.objc; path = main.m; sourceTree = "<group>"; };
		95964A471F258F6C00272405 /* AppDelegate.h */ = {isa = PBXFileReference; lastKnownFileType = sourcecode.c.h; path = AppDelegate.h; sourceTree = "<group>"; };
		95964A481F258F6C00272405 /* AppDelegate.m */ = {isa = PBXFileReference; lastKnownFileType = sourcecode.c.objc; path = AppDelegate.m; sourceTree = "<group>"; };
		95964A4A1F258F6C00272405 /* ViewController.h */ = {isa = PBXFileReference; lastKnownFileType = sourcecode.c.h; path = ViewController.h; sourceTree = "<group>"; };
		95964A4B1F258F6C00272405 /* ViewController.m */ = {isa = PBXFileReference; lastKnownFileType = sourcecode.c.objc; path = ViewController.m; sourceTree = "<group>"; };
		95964A4E1F258F6C00272405 /* Base */ = {isa = PBXFileReference; lastKnownFileType = file.storyboard; name = Base; path = Base.lproj/Main.storyboard; sourceTree = "<group>"; };
		95964A501F258F6C00272405 /* Assets.xcassets */ = {isa = PBXFileReference; lastKnownFileType = folder.assetcatalog; path = Assets.xcassets; sourceTree = "<group>"; };
		95964A531F258F6C00272405 /* Base */ = {isa = PBXFileReference; lastKnownFileType = file.storyboard; name = Base; path = Base.lproj/LaunchScreen.storyboard; sourceTree = "<group>"; };
		95964A551F258F6C00272405 /* Info.plist */ = {isa = PBXFileReference; lastKnownFileType = text.plist.xml; path = Info.plist; sourceTree = "<group>"; };
		95964A5B1F259AA000272405 /* btn01.png */ = {isa = PBXFileReference; lastKnownFileType = image.png; path = btn01.png; sourceTree = "<group>"; };
		95964A5C1F259AA000272405 /* btn02.png */ = {isa = PBXFileReference; lastKnownFileType = image.png; path = btn02.png; sourceTree = "<group>"; };
/* End PBXFileReference section */

/* Begin PBXFrameworksBuildPhase section */
		95964A3E1F258F6C00272405 /* Frameworks */ = {
			isa = PBXFrameworksBuildPhase;
			buildActionMask = 2147483647;
			files = (
			);
			runOnlyForDeploymentPostprocessing = 0;
		};
/* End PBXFrameworksBuildPhase section */

/* Begin PBXGroup section */
		95964A381F258F6C00272405 = {
			isa = PBXGroup;
			children = (
				95964A5B1F259AA000272405 /* btn01.png */,
				95964A5C1F259AA000272405 /* btn02.png */,
				95964A431F258F6C00272405 /* UI Button */,
				95964A421F258F6C00272405 /* Products */,
			);
			sourceTree = "<group>";
		};
		95964A421F258F6C00272405 /* Products */ = {
			isa = PBXGroup;
			children = (
				95964A411F258F6C00272405 /* UI Button.app */,
			);
			name = Products;
			sourceTree = "<group>";
		};
		95964A431F258F6C00272405 /* UI Button */ = {
			isa = PBXGroup;
			children = (
				95964A471F258F6C00272405 /* AppDelegate.h */,
				95964A481F258F6C00272405 /* AppDelegate.m */,
				95964A4A1F258F6C00272405 /* ViewController.h */,
				95964A4B1F258F6C00272405 /* ViewController.m */,
				95964A4D1F258F6C00272405 /* Main.storyboard */,
				95964A501F258F6C00272405 /* Assets.xcassets */,
				95964A521F258F6C00272405 /* LaunchScreen.storyboard */,
				95964A551F258F6C00272405 /* Info.plist */,
				95964A441F258F6C00272405 /* Supporting Files */,
			);
			path = "UI Button";
			sourceTree = "<group>";
		};
		95964A441F258F6C00272405 /* Supporting Files */ = {
			isa = PBXGroup;
			children = (
				95964A451F258F6C00272405 /* main.m */,
			);
			name = "Supporting Files";
			sourceTree = "<group>";
		};
/* End PBXGroup section */

/* Begin PBXNativeTarget section */
		95964A401F258F6C00272405 /* UI Button */ = {
			isa = PBXNativeTarget;
			buildConfigurationList = 95964A581F258F6C00272405 /* Build configuration list for PBXNativeTarget "UI Button" */;
			buildPhases = (
				95964A3D1F258F6C00272405 /* Sources */,
				95964A3E1F258F6C00272405 /* Frameworks */,
				95964A3F1F258F6C00272405 /* Resources */,
			);
			buildRules = (
			);
			dependencies = (
			);
			name = "UI Button";
			productName = "UI Button";
			productReference = 95964A411F258F6C00272405 /* UI Button.app */;
			productType = "com.apple.product-type.application";
		};
/* End PBXNativeTarget section */

/* Begin PBXProject section */
		95964A391F258F6C00272405 /* Project object */ = {
			isa = PBXProject;
			attributes = {
				LastUpgradeCheck = 0710;
				ORGANIZATIONNAME = 58qifu;
				TargetAttributes = {
					95964A401F258F6C00272405 = {
						CreatedOnToolsVersion = 7.1;
					};
				};
			};
			buildConfigurationList = 95964A3C1F258F6C00272405 /* Build configuration list for PBXProject "UI Button" */;
			compatibilityVersion = "Xcode 3.2";
			developmentRegion = English;
			hasScannedForEncodings = 0;
			knownRegions = (
				en,
				Base,
			);
			mainGroup = 95964A381F258F6C00272405;
			productRefGroup = 95964A421F258F6C00272405 /* Products */;
			projectDirPath = "";
			projectRoot = "";
			targets = (
				95964A401F258F6C00272405 /* UI Button */,
			);
		};
/* End PBXProject section */

/* Begin PBXResourcesBuildPhase section */
		95964A3F1F258F6C00272405 /* Resources */ = {
			isa = PBXResourcesBuildPhase;
			buildActionMask = 2147483647;
			files = (
				95964A541F258F6C00272405 /* LaunchScreen.storyboard in Resources */,
				95964A5D1F259AA000272405 /* btn01.png in Resources */,
				95964A511F258F6C00272405 /* Assets.xcassets in Resources */,
				95964A5E1F259AA000272405 /* btn02.png in Resources */,
				95964A4F1F258F6C00272405 /* Main.storyboard in Resources */,
			);
			runOnlyForDeploymentPostprocessing = 0;
		};
/* End PBXResourcesBuildPhase section */

/* Begin PBXSourcesBuildPhase section */
		95964A3D1F258F6C00272405 /* Sources */ = {
			isa = PBXSourcesBuildPhase;
			buildActionMask = 2147483647;
			files = (
				95964A4C1F258F6C00272405 /* ViewController.m in Sources */,
				95964A491F258F6C00272405 /* AppDelegate.m in Sources */,
				95964A461F258F6C00272405 /* main.m in Sources */,
			);
			runOnlyForDeploymentPostprocessing = 0;
		};
/* End PBXSourcesBuildPhase section */

/* Begin PBXVariantGroup section */
		95964A4D1F258F6C00272405 /* Main.storyboard */ = {
			isa = PBXVariantGroup;
			children = (
				95964A4E1F258F6C00272405 /* Base */,
			);
			name = Main.storyboard;
			sourceTree = "<group>";
		};
		95964A521F258F6C00272405 /* LaunchScreen.storyboard */ = {
			isa = PBXVariantGroup;
			children = (
				95964A531F258F6C00272405 /* Base */,
			);
			name = LaunchScreen.storyboard;
			sourceTree = "<group>";
		};
/* End PBXVariantGroup section */

/* Begin XCBuildConfiguration section */
		95964A561F258F6C00272405 /* Debug */ = {
			isa = XCBuildConfiguration;
			buildSettings = {
				ALWAYS_SEARCH_USER_PATHS = NO;
				CLANG_CXX_LANGUAGE_STANDARD = "gnu++0x";
				CLANG_CXX_LIBRARY = "libc++";
				CLANG_ENABLE_MODULES = YES;
				CLANG_ENABLE_OBJC_ARC = YES;
				CLANG_WARN_BOOL_CONVERSION = YES;
				CLANG_WARN_CONSTANT_CONVERSION = YES;
				CLANG_WARN_DIRECT_OBJC_ISA_USAGE = YES_ERROR;
				CLANG_WARN_EMPTY_BODY = YES;
				CLANG_WARN_ENUM_CONVERSION = YES;
				CLANG_WARN_INT_CONVERSION = YES;
				CLANG_WARN_OBJC_ROOT_CLASS = YES_ERROR;
				CLANG_WARN_UNREACHABLE_CODE = YES;
				CLANG_WARN__DUPLICATE_METHOD_MATCH = YES;
				"CODE_SIGN_IDENTITY[sdk=iphoneos*]" = "iPhone Developer";
				COPY_PHASE_STRIP = NO;
				DEBUG_INFORMATION_FORMAT = dwarf;
				ENABLE_STRICT_OBJC_MSGSEND = YES;
				ENABLE_TESTABILITY = YES;
				GCC_C_LANGUAGE_STANDARD = gnu99;
				GCC_DYNAMIC_NO_PIC = NO;
				GCC_NO_COMMON_BLOCKS = YES;
				GCC_OPTIMIZATION_LEVEL = 0;
				GCC_PREPROCESSOR_DEFINITIONS = (
					"DEBUG=1",
					"$(inherited)",
				);
				GCC_WARN_64_TO_32_BIT_CONVERSION = YES;
				GCC_WARN_ABOUT_RETURN_TYPE = YES_ERROR;
				GCC_WARN_UNDECLARED_SELECTOR = YES;
				GCC_WARN_UNINITIALIZED_AUTOS = YES_AGGRESSIVE;
				GCC_WARN_UNUSED_FUNCTION = YES;
				GCC_WARN_UNUSED_VARIABLE = YES;
				IPHONEOS_DEPLOYMENT_TARGET = 9.1;
				MTL_ENABLE_DEBUG_INFO = YES;
				ONLY_ACTIVE_ARCH = YES;
				SDKROOT = iphoneos;
			};
			name = Debug;
		};
		95964A571F258F6C00272405 /* Release */ = {
			isa = XCBuildConfiguration;
			buildSettings = {
				ALWAYS_SEARCH_USER_PATHS = NO;
				CLANG_CXX_LANGUAGE_STANDARD = "gnu++0x";
				CLANG_CXX_LIBRARY = "libc++";
				CLANG_ENABLE_MODULES = YES;
				CLANG_ENABLE_OBJC_ARC = YES;
				CLANG_WARN_BOOL_CONVERSION = YES;
				CLANG_WARN_CONSTANT_CONVERSION = YES;
				CLANG_WARN_DIRECT_OBJC_ISA_USAGE = YES_ERROR;
				CLANG_WARN_EMPTY_BODY = YES;
				CLANG_WARN_ENUM_CONVERSION = YES;
				CLANG_WARN_INT_CONVERSION = YES;
				CLANG_WARN_OBJC_ROOT_CLASS = YES_ERROR;
				CLANG_WARN_UNREACHABLE_CODE = YES;
				CLANG_WARN__DUPLICATE_METHOD_MATCH = YES;
				"CODE_SIGN_IDENTITY[sdk=iphoneos*]" = "iPhone Developer";
				COPY_PHASE_STRIP = NO;
				DEBUG_INFORMATION_FORMAT = "dwarf-with-dsym";
				ENABLE_NS_ASSERTIONS = NO;
				ENABLE_STRICT_OBJC_MSGSEND = YES;
				GCC_C_LANGUAGE_STANDARD = gnu99;
				GCC_NO_COMMON_BLOCKS = YES;
				GCC_WARN_64_TO_32_BIT_CONVERSION = YES;
				GCC_WARN_ABOUT_RETURN_TYPE = YES_ERROR;
				GCC_WARN_UNDECLARED_SELECTOR = YES;
				GCC_WARN_UNINITIALIZED_AUTOS = YES_AGGRESSIVE;
				GCC_WARN_UNUSED_FUNCTION = YES;
				GCC_WARN_UNUSED_VARIABLE = YES;
				IPHONEOS_DEPLOYMENT_TARGET = 9.1;
				MTL_ENABLE_DEBUG_INFO = NO;
				SDKROOT = iphoneos;
				VALIDATE_PRODUCT = YES;
			};
			name = Release;
		};
		95964A591F258F6C00272405 /* Debug */ = {
			isa = XCBuildConfiguration;
			buildSettings = {
				ASSETCATALOG_COMPILER_APPICON_NAME = AppIcon;
				INFOPLIST_FILE = "UI Button/Info.plist";
				LD_RUNPATH_SEARCH_PATHS = "$(inherited) @executable_path/Frameworks";
				PRODUCT_BUNDLE_IDENTIFIER = "com.linsir.UI-Button";
				PRODUCT_NAME = "$(TARGET_NAME)";
			};
			name = Debug;
		};
		95964A5A1F258F6C00272405 /* Release */ = {
			isa = XCBuildConfiguration;
			buildSettings = {
				ASSETCATALOG_COMPILER_APPICON_NAME = AppIcon;
				INFOPLIST_FILE = "UI Button/Info.plist";
				LD_RUNPATH_SEARCH_PATHS = "$(inherited) @executable_path/Frameworks";
				PRODUCT_BUNDLE_IDENTIFIER = "com.linsir.UI-Button";
				PRODUCT_NAME = "$(TARGET_NAME)";
			};
			name = Release;
		};
/* End XCBuildConfiguration section */

/* Begin XCConfigurationList section */
		95964A3C1F258F6C00272405 /* Build configuration list for PBXProject "UI Button" */ = {
			isa = XCConfigurationList;
			buildConfigurations = (
				95964A561F258F6C00272405 /* Debug */,
				95964A571F258F6C00272405 /* Release */,
			);
			defaultConfigurationIsVisible = 0;
			defaultConfigurationName = Release;
		};
		95964A581F258F6C00272405 /* Build configuration list for PBXNativeTarget "UI Button" */ = {
			isa = XCConfigurationList;
			buildConfigurations = (
				95964A591F258F6C00272405 /* Debug */,
				95964A5A1F258F6C00272405 /* Release */,
			);
			defaultConfigurationIsVisible = 0;
		};
/* End XCConfigurationList section */
	};
	rootObject = 95964A391F258F6C00272405 /* Project object */;
}
