// !$*UTF8*$!
{
	archiveVersion = 1;
	classes = {
	};
	objectVersion = 46;
	objects = {

/* Begin PBXBuildFile section */
		95964A231F25815600272405 /* main.m in Sources */ = {isa = PBXBuildFile; fileRef = 95964A221F25815600272405 /* main.m */; };
		95964A261F25815600272405 /* AppDelegate.m in Sources */ = {isa = PBXBuildFile; fileRef = 95964A251F25815600272405 /* AppDelegate.m */; };
		95964A291F25815600272405 /* ViewController.m in Sources */ = {isa = PBXBuildFile; fileRef = 95964A281F25815600272405 /* ViewController.m */; };
		95964A2C1F25815700272405 /* Main.storyboard in Resources */ = {isa = PBXBuildFile; fileRef = 95964A2A1F25815700272405 /* Main.storyboard */; };
		95964A2E1F25815700272405 /* Assets.xcassets in Resources */ = {isa = PBXBuildFile; fileRef = 95964A2D1F25815700272405 /* Assets.xcassets */; };
		95964A311F25815700272405 /* LaunchScreen.storyboard in Resources */ = {isa = PBXBuildFile; fileRef = 95964A2F1F25815700272405 /* LaunchScreen.storyboard */; };
/* End PBXBuildFile section */

/* Begin PBXFileReference section */
		95964A1E1F25815600272405 /* Lin Porject.app */ = {isa = PBXFileReference; explicitFileType = wrapper.application; includeInIndex = 0; path = "Lin Porject.app"; sourceTree = BUILT_PRODUCTS_DIR; };
		95964A221F25815600272405 /* main.m */ = {isa = PBXFileReference; lastKnownFileType = sourcecode.c.objc; path = main.m; sourceTree = "<group>"; };
		95964A241F25815600272405 /* AppDelegate.h */ = {isa = PBXFileReference; lastKnownFileType = sourcecode.c.h; path = AppDelegate.h; sourceTree = "<group>"; };
		95964A251F25815600272405 /* AppDelegate.m */ = {isa = PBXFileReference; lastKnownFileType = sourcecode.c.objc; path = AppDelegate.m; sourceTree = "<group>"; };
		95964A271F25815600272405 /* ViewController.h */ = {isa = PBXFileReference; lastKnownFileType = sourcecode.c.h; path = ViewController.h; sourceTree = "<group>"; };
		95964A281F25815600272405 /* ViewController.m */ = {isa = PBXFileReference; lastKnownFileType = sourcecode.c.objc; path = ViewController.m; sourceTree = "<group>"; };
		95964A2B1F25815700272405 /* Base */ = {isa = PBXFileReference; lastKnownFileType = file.storyboard; name = Base; path = Base.lproj/Main.storyboard; sourceTree = "<group>"; };
		95964A2D1F25815700272405 /* Assets.xcassets */ = {isa = PBXFileReference; lastKnownFileType = folder.assetcatalog; path = Assets.xcassets; sourceTree = "<group>"; };
		95964A301F25815700272405 /* Base */ = {isa = PBXFileReference; lastKnownFileType = file.storyboard; name = Base; path = Base.lproj/LaunchScreen.storyboard; sourceTree = "<group>"; };
		95964A321F25815700272405 /* Info.plist */ = {isa = PBXFileReference; lastKnownFileType = text.plist.xml; path = Info.plist; sourceTree = "<group>"; };
/* End PBXFileReference section */

/* Begin PBXFrameworksBuildPhase section */
		95964A1B1F25815600272405 /* Frameworks */ = {
			isa = PBXFrameworksBuildPhase;
			buildActionMask = 2147483647;
			files = (
			);
			runOnlyForDeploymentPostprocessing = 0;
		};
/* End PBXFrameworksBuildPhase section */

/* Begin PBXGroup section */
		95964A151F25815600272405 = {
			isa = PBXGroup;
			children = (
				95964A201F25815600272405 /* Lin Porject */,
				95964A1F1F25815600272405 /* Products */,
			);
			sourceTree = "<group>";
		};
		95964A1F1F25815600272405 /* Products */ = {
			isa = PBXGroup;
			children = (
				95964A1E1F25815600272405 /* Lin Porject.app */,
			);
			name = Products;
			sourceTree = "<group>";
		};
		95964A201F25815600272405 /* Lin Porject */ = {
			isa = PBXGroup;
			children = (
				95964A241F25815600272405 /* AppDelegate.h */,
				95964A251F25815600272405 /* AppDelegate.m */,
				95964A271F25815600272405 /* ViewController.h */,
				95964A281F25815600272405 /* ViewController.m */,
				95964A2A1F25815700272405 /* Main.storyboard */,
				95964A2D1F25815700272405 /* Assets.xcassets */,
				95964A2F1F25815700272405 /* LaunchScreen.storyboard */,
				95964A321F25815700272405 /* Info.plist */,
				95964A211F25815600272405 /* Supporting Files */,
			);
			path = "Lin Porject";
			sourceTree = "<group>";
		};
		95964A211F25815600272405 /* Supporting Files */ = {
			isa = PBXGroup;
			children = (
				95964A221F25815600272405 /* main.m */,
			);
			name = "Supporting Files";
			sourceTree = "<group>";
		};
/* End PBXGroup section */

/* Begin PBXNativeTarget section */
		95964A1D1F25815600272405 /* Lin Porject */ = {
			isa = PBXNativeTarget;
			buildConfigurationList = 95964A351F25815700272405 /* Build configuration list for PBXNativeTarget "Lin Porject" */;
			buildPhases = (
				95964A1A1F25815600272405 /* Sources */,
				95964A1B1F25815600272405 /* Frameworks */,
				95964A1C1F25815600272405 /* Resources */,
			);
			buildRules = (
			);
			dependencies = (
			);
			name = "Lin Porject";
			productName = "Lin Porject";
			productReference = 95964A1E1F25815600272405 /* Lin Porject.app */;
			productType = "com.apple.product-type.application";
		};
/* End PBXNativeTarget section */

/* Begin PBXProject section */
		95964A161F25815600272405 /* Project object */ = {
			isa = PBXProject;
			attributes = {
				LastUpgradeCheck = 0710;
				ORGANIZATIONNAME = 58qifu;
				TargetAttributes = {
					95964A1D1F25815600272405 = {
						CreatedOnToolsVersion = 7.1;
					};
				};
			};
			buildConfigurationList = 95964A191F25815600272405 /* Build configuration list for PBXProject "Lin Porject" */;
			compatibilityVersion = "Xcode 3.2";
			developmentRegion = English;
			hasScannedForEncodings = 0;
			knownRegions = (
				en,
				Base,
			);
			mainGroup = 95964A151F25815600272405;
			productRefGroup = 95964A1F1F25815600272405 /* Products */;
			projectDirPath = "";
			projectRoot = "";
			targets = (
				95964A1D1F25815600272405 /* Lin Porject */,
			);
		};
/* End PBXProject section */

/* Begin PBXResourcesBuildPhase section */
		95964A1C1F25815600272405 /* Resources */ = {
			isa = PBXResourcesBuildPhase;
			buildActionMask = 2147483647;
			files = (
				95964A311F25815700272405 /* LaunchScreen.storyboard in Resources */,
				95964A2E1F25815700272405 /* Assets.xcassets in Resources */,
				95964A2C1F25815700272405 /* Main.storyboard in Resources */,
			);
			runOnlyForDeploymentPostprocessing = 0;
		};
/* End PBXResourcesBuildPhase section */

/* Begin PBXSourcesBuildPhase section */
		95964A1A1F25815600272405 /* Sources */ = {
			isa = PBXSourcesBuildPhase;
			buildActionMask = 2147483647;
			files = (
				95964A291F25815600272405 /* ViewController.m in Sources */,
				95964A261F25815600272405 /* AppDelegate.m in Sources */,
				95964A231F25815600272405 /* main.m in Sources */,
			);
			runOnlyForDeploymentPostprocessing = 0;
		};
/* End PBXSourcesBuildPhase section */

/* Begin PBXVariantGroup section */
		95964A2A1F25815700272405 /* Main.storyboard */ = {
			isa = PBXVariantGroup;
			children = (
				95964A2B1F25815700272405 /* Base */,
			);
			name = Main.storyboard;
			sourceTree = "<group>";
		};
		95964A2F1F25815700272405 /* LaunchScreen.storyboard */ = {
			isa = PBXVariantGroup;
			children = (
				95964A301F25815700272405 /* Base */,
			);
			name = LaunchScreen.storyboard;
			sourceTree = "<group>";
		};
/* End PBXVariantGroup section */

/* Begin XCBuildConfiguration section */
		95964A331F25815700272405 /* Debug */ = {
			isa = XCBuildConfiguration;
			buildSettings = {
				ALWAYS_SEARCH_USER_PATHS = NO;
				CLANG_CXX_LANGUAGE_STANDARD = "gnu++0x";
				CLANG_CXX_LIBRARY = "libc++";
				CLANG_ENABLE_MODULES = YES;
				CLANG_ENABLE_OBJC_ARC = YES;
				CLANG_WARN_BOOL_CONVERSION = YES;
				CLANG_WARN_CONSTANT_CONVERSION = YES;
				CLANG_WARN_DIRECT_OBJC_ISA_USAGE = YES_ERROR;
				CLANG_WARN_EMPTY_BODY = YES;
				CLANG_WARN_ENUM_CONVERSION = YES;
				CLANG_WARN_INT_CONVERSION = YES;
				CLANG_WARN_OBJC_ROOT_CLASS = YES_ERROR;
				CLANG_WARN_UNREACHABLE_CODE = YES;
				CLANG_WARN__DUPLICATE_METHOD_MATCH = YES;
				"CODE_SIGN_IDENTITY[sdk=iphoneos*]" = "iPhone Developer";
				COPY_PHASE_STRIP = NO;
				DEBUG_INFORMATION_FORMAT = dwarf;
				ENABLE_STRICT_OBJC_MSGSEND = YES;
				ENABLE_TESTABILITY = YES;
				GCC_C_LANGUAGE_STANDARD = gnu99;
				GCC_DYNAMIC_NO_PIC = NO;
				GCC_NO_COMMON_BLOCKS = YES;
				GCC_OPTIMIZATION_LEVEL = 0;
				GCC_PREPROCESSOR_DEFINITIONS = (
					"DEBUG=1",
					"$(inherited)",
				);
				GCC_WARN_64_TO_32_BIT_CONVERSION = YES;
				GCC_WARN_ABOUT_RETURN_TYPE = YES_ERROR;
				GCC_WARN_UNDECLARED_SELECTOR = YES;
				GCC_WARN_UNINITIALIZED_AUTOS = YES_AGGRESSIVE;
				GCC_WARN_UNUSED_FUNCTION = YES;
				GCC_WARN_UNUSED_VARIABLE = YES;
				IPHONEOS_DEPLOYMENT_TARGET = 9.1;
				MTL_ENABLE_DEBUG_INFO = YES;
				ONLY_ACTIVE_ARCH = YES;
				SDKROOT = iphoneos;
			};
			name = Debug;
		};
		95964A341F25815700272405 /* Release */ = {
			isa = XCBuildConfiguration;
			buildSettings = {
				ALWAYS_SEARCH_USER_PATHS = NO;
				CLANG_CXX_LANGUAGE_STANDARD = "gnu++0x";
				CLANG_CXX_LIBRARY = "libc++";
				CLANG_ENABLE_MODULES = YES;
				CLANG_ENABLE_OBJC_ARC = YES;
				CLANG_WARN_BOOL_CONVERSION = YES;
				CLANG_WARN_CONSTANT_CONVERSION = YES;
				CLANG_WARN_DIRECT_OBJC_ISA_USAGE = YES_ERROR;
				CLANG_WARN_EMPTY_BODY = YES;
				CLANG_WARN_ENUM_CONVERSION = YES;
				CLANG_WARN_INT_CONVERSION = YES;
				CLANG_WARN_OBJC_ROOT_CLASS = YES_ERROR;
				CLANG_WARN_UNREACHABLE_CODE = YES;
				CLANG_WARN__DUPLICATE_METHOD_MATCH = YES;
				"CODE_SIGN_IDENTITY[sdk=iphoneos*]" = "iPhone Developer";
				COPY_PHASE_STRIP = NO;
				DEBUG_INFORMATION_FORMAT = "dwarf-with-dsym";
				ENABLE_NS_ASSERTIONS = NO;
				ENABLE_STRICT_OBJC_MSGSEND = YES;
				GCC_C_LANGUAGE_STANDARD = gnu99;
				GCC_NO_COMMON_BLOCKS = YES;
				GCC_WARN_64_TO_32_BIT_CONVERSION = YES;
				GCC_WARN_ABOUT_RETURN_TYPE = YES_ERROR;
				GCC_WARN_UNDECLARED_SELECTOR = YES;
				GCC_WARN_UNINITIALIZED_AUTOS = YES_AGGRESSIVE;
				GCC_WARN_UNUSED_FUNCTION = YES;
				GCC_WARN_UNUSED_VARIABLE = YES;
				IPHONEOS_DEPLOYMENT_TARGET = 9.1;
				MTL_ENABLE_DEBUG_INFO = NO;
				SDKROOT = iphoneos;
				VALIDATE_PRODUCT = YES;
			};
			name = Release;
		};
		95964A361F25815700272405 /* Debug */ = {
			isa = XCBuildConfiguration;
			buildSettings = {
				ASSETCATALOG_COMPILER_APPICON_NAME = AppIcon;
				INFOPLIST_FILE = "Lin Porject/Info.plist";
				LD_RUNPATH_SEARCH_PATHS = "$(inherited) @executable_path/Frameworks";
				PRODUCT_BUNDLE_IDENTIFIER = "com.linsir.Lin-Porject";
				PRODUCT_NAME = "$(TARGET_NAME)";
			};
			name = Debug;
		};
		95964A371F25815700272405 /* Release */ = {
			isa = XCBuildConfiguration;
			buildSettings = {
				ASSETCATALOG_COMPILER_APPICON_NAME = AppIcon;
				INFOPLIST_FILE = "Lin Porject/Info.plist";
				LD_RUNPATH_SEARCH_PATHS = "$(inherited) @executable_path/Frameworks";
				PRODUCT_BUNDLE_IDENTIFIER = "com.linsir.Lin-Porject";
				PRODUCT_NAME = "$(TARGET_NAME)";
			};
			name = Release;
		};
/* End XCBuildConfiguration section */

/* Begin XCConfigurationList section */
		95964A191F25815600272405 /* Build configuration list for PBXProject "Lin Porject" */ = {
			isa = XCConfigurationList;
			buildConfigurations = (
				95964A331F25815700272405 /* Debug */,
				95964A341F25815700272405 /* Release */,
			);
			defaultConfigurationIsVisible = 0;
			defaultConfigurationName = Release;
		};
		95964A351F25815700272405 /* Build configuration list for PBXNativeTarget "Lin Porject" */ = {
			isa = XCConfigurationList;
			buildConfigurations = (
				95964A361F25815700272405 /* Debug */,
				95964A371F25815700272405 /* Release */,
			);
			defaultConfigurationIsVisible = 0;
		};
/* End XCConfigurationList section */
	};
	rootObject = 95964A161F25815600272405 /* Project object */;
}
