// !$*UTF8*$!
{
	archiveVersion = 1;
	classes = {
	};
	objectVersion = 46;
	objects = {

/* Begin PBXBuildFile section */
		95E1BB601F3014D400D49D80 /* main.m in Sources */ = {isa = PBXBuildFile; fileRef = 95E1BB5F1F3014D400D49D80 /* main.m */; };
		95E1BB631F3014D400D49D80 /* AppDelegate.m in Sources */ = {isa = PBXBuildFile; fileRef = 95E1BB621F3014D400D49D80 /* AppDelegate.m */; };
		95E1BB691F3014D400D49D80 /* Main.storyboard in Resources */ = {isa = PBXBuildFile; fileRef = 95E1BB671F3014D400D49D80 /* Main.storyboard */; };
		95E1BB6B1F3014D400D49D80 /* Assets.xcassets in Resources */ = {isa = PBXBuildFile; fileRef = 95E1BB6A1F3014D400D49D80 /* Assets.xcassets */; };
		95E1BB6E1F3014D400D49D80 /* LaunchScreen.storyboard in Resources */ = {isa = PBXBuildFile; fileRef = 95E1BB6C1F3014D400D49D80 /* LaunchScreen.storyboard */; };
		95E1BB771F30150300D49D80 /* VCFirst.m in Sources */ = {isa = PBXBuildFile; fileRef = 95E1BB761F30150300D49D80 /* VCFirst.m */; };
		95E1BB7A1F30151100D49D80 /* VCSecond.m in Sources */ = {isa = PBXBuildFile; fileRef = 95E1BB791F30151100D49D80 /* VCSecond.m */; };
		95E1BB7D1F30151D00D49D80 /* VCThird.m in Sources */ = {isa = PBXBuildFile; fileRef = 95E1BB7C1F30151D00D49D80 /* VCThird.m */; };
/* End PBXBuildFile section */

/* Begin PBXFileReference section */
		95E1BB5B1F3014D400D49D80 /* 多界面传值.app */ = {isa = PBXFileReference; explicitFileType = wrapper.application; includeInIndex = 0; path = "多界面传值.app"; sourceTree = BUILT_PRODUCTS_DIR; };
		95E1BB5F1F3014D400D49D80 /* main.m */ = {isa = PBXFileReference; lastKnownFileType = sourcecode.c.objc; path = main.m; sourceTree = "<group>"; };
		95E1BB611F3014D400D49D80 /* AppDelegate.h */ = {isa = PBXFileReference; lastKnownFileType = sourcecode.c.h; path = AppDelegate.h; sourceTree = "<group>"; };
		95E1BB621F3014D400D49D80 /* AppDelegate.m */ = {isa = PBXFileReference; lastKnownFileType = sourcecode.c.objc; path = AppDelegate.m; sourceTree = "<group>"; };
		95E1BB681F3014D400D49D80 /* Base */ = {isa = PBXFileReference; lastKnownFileType = file.storyboard; name = Base; path = Base.lproj/Main.storyboard; sourceTree = "<group>"; };
		95E1BB6A1F3014D400D49D80 /* Assets.xcassets */ = {isa = PBXFileReference; lastKnownFileType = folder.assetcatalog; path = Assets.xcassets; sourceTree = "<group>"; };
		95E1BB6D1F3014D400D49D80 /* Base */ = {isa = PBXFileReference; lastKnownFileType = file.storyboard; name = Base; path = Base.lproj/LaunchScreen.storyboard; sourceTree = "<group>"; };
		95E1BB6F1F3014D400D49D80 /* Info.plist */ = {isa = PBXFileReference; lastKnownFileType = text.plist.xml; path = Info.plist; sourceTree = "<group>"; };
		95E1BB751F30150300D49D80 /* VCFirst.h */ = {isa = PBXFileReference; fileEncoding = 4; lastKnownFileType = sourcecode.c.h; path = VCFirst.h; sourceTree = "<group>"; };
		95E1BB761F30150300D49D80 /* VCFirst.m */ = {isa = PBXFileReference; fileEncoding = 4; lastKnownFileType = sourcecode.c.objc; path = VCFirst.m; sourceTree = "<group>"; };
		95E1BB781F30151100D49D80 /* VCSecond.h */ = {isa = PBXFileReference; fileEncoding = 4; lastKnownFileType = sourcecode.c.h; path = VCSecond.h; sourceTree = "<group>"; };
		95E1BB791F30151100D49D80 /* VCSecond.m */ = {isa = PBXFileReference; fileEncoding = 4; lastKnownFileType = sourcecode.c.objc; path = VCSecond.m; sourceTree = "<group>"; };
		95E1BB7B1F30151D00D49D80 /* VCThird.h */ = {isa = PBXFileReference; fileEncoding = 4; lastKnownFileType = sourcecode.c.h; path = VCThird.h; sourceTree = "<group>"; };
		95E1BB7C1F30151D00D49D80 /* VCThird.m */ = {isa = PBXFileReference; fileEncoding = 4; lastKnownFileType = sourcecode.c.objc; path = VCThird.m; sourceTree = "<group>"; };
/* End PBXFileReference section */

/* Begin PBXFrameworksBuildPhase section */
		95E1BB581F3014D400D49D80 /* Frameworks */ = {
			isa = PBXFrameworksBuildPhase;
			buildActionMask = 2147483647;
			files = (
			);
			runOnlyForDeploymentPostprocessing = 0;
		};
/* End PBXFrameworksBuildPhase section */

/* Begin PBXGroup section */
		95E1BB521F3014D400D49D80 = {
			isa = PBXGroup;
			children = (
				95E1BB5D1F3014D400D49D80 /* 多界面传值 */,
				95E1BB5C1F3014D400D49D80 /* Products */,
			);
			sourceTree = "<group>";
		};
		95E1BB5C1F3014D400D49D80 /* Products */ = {
			isa = PBXGroup;
			children = (
				95E1BB5B1F3014D400D49D80 /* 多界面传值.app */,
			);
			name = Products;
			sourceTree = "<group>";
		};
		95E1BB5D1F3014D400D49D80 /* 多界面传值 */ = {
			isa = PBXGroup;
			children = (
				95E1BB611F3014D400D49D80 /* AppDelegate.h */,
				95E1BB621F3014D400D49D80 /* AppDelegate.m */,
				95E1BB751F30150300D49D80 /* VCFirst.h */,
				95E1BB761F30150300D49D80 /* VCFirst.m */,
				95E1BB781F30151100D49D80 /* VCSecond.h */,
				95E1BB791F30151100D49D80 /* VCSecond.m */,
				95E1BB7B1F30151D00D49D80 /* VCThird.h */,
				95E1BB7C1F30151D00D49D80 /* VCThird.m */,
				95E1BB671F3014D400D49D80 /* Main.storyboard */,
				95E1BB6A1F3014D400D49D80 /* Assets.xcassets */,
				95E1BB6C1F3014D400D49D80 /* LaunchScreen.storyboard */,
				95E1BB6F1F3014D400D49D80 /* Info.plist */,
				95E1BB5E1F3014D400D49D80 /* Supporting Files */,
			);
			path = "多界面传值";
			sourceTree = "<group>";
		};
		95E1BB5E1F3014D400D49D80 /* Supporting Files */ = {
			isa = PBXGroup;
			children = (
				95E1BB5F1F3014D400D49D80 /* main.m */,
			);
			name = "Supporting Files";
			sourceTree = "<group>";
		};
/* End PBXGroup section */

/* Begin PBXNativeTarget section */
		95E1BB5A1F3014D400D49D80 /* 多界面传值 */ = {
			isa = PBXNativeTarget;
			buildConfigurationList = 95E1BB721F3014D400D49D80 /* Build configuration list for PBXNativeTarget "多界面传值" */;
			buildPhases = (
				95E1BB571F3014D400D49D80 /* Sources */,
				95E1BB581F3014D400D49D80 /* Frameworks */,
				95E1BB591F3014D400D49D80 /* Resources */,
			);
			buildRules = (
			);
			dependencies = (
			);
			name = "多界面传值";
			productName = "多界面传值";
			productReference = 95E1BB5B1F3014D400D49D80 /* 多界面传值.app */;
			productType = "com.apple.product-type.application";
		};
/* End PBXNativeTarget section */

/* Begin PBXProject section */
		95E1BB531F3014D400D49D80 /* Project object */ = {
			isa = PBXProject;
			attributes = {
				LastUpgradeCheck = 0830;
				ORGANIZATIONNAME = 58qifu;
				TargetAttributes = {
					95E1BB5A1F3014D400D49D80 = {
						CreatedOnToolsVersion = 8.3.3;
						ProvisioningStyle = Automatic;
					};
				};
			};
			buildConfigurationList = 95E1BB561F3014D400D49D80 /* Build configuration list for PBXProject "多界面传值" */;
			compatibilityVersion = "Xcode 3.2";
			developmentRegion = English;
			hasScannedForEncodings = 0;
			knownRegions = (
				en,
				Base,
			);
			mainGroup = 95E1BB521F3014D400D49D80;
			productRefGroup = 95E1BB5C1F3014D400D49D80 /* Products */;
			projectDirPath = "";
			projectRoot = "";
			targets = (
				95E1BB5A1F3014D400D49D80 /* 多界面传值 */,
			);
		};
/* End PBXProject section */

/* Begin PBXResourcesBuildPhase section */
		95E1BB591F3014D400D49D80 /* Resources */ = {
			isa = PBXResourcesBuildPhase;
			buildActionMask = 2147483647;
			files = (
				95E1BB6E1F3014D400D49D80 /* LaunchScreen.storyboard in Resources */,
				95E1BB6B1F3014D400D49D80 /* Assets.xcassets in Resources */,
				95E1BB691F3014D400D49D80 /* Main.storyboard in Resources */,
			);
			runOnlyForDeploymentPostprocessing = 0;
		};
/* End PBXResourcesBuildPhase section */

/* Begin PBXSourcesBuildPhase section */
		95E1BB571F3014D400D49D80 /* Sources */ = {
			isa = PBXSourcesBuildPhase;
			buildActionMask = 2147483647;
			files = (
				95E1BB7D1F30151D00D49D80 /* VCThird.m in Sources */,
				95E1BB771F30150300D49D80 /* VCFirst.m in Sources */,
				95E1BB631F3014D400D49D80 /* AppDelegate.m in Sources */,
				95E1BB7A1F30151100D49D80 /* VCSecond.m in Sources */,
				95E1BB601F3014D400D49D80 /* main.m in Sources */,
			);
			runOnlyForDeploymentPostprocessing = 0;
		};
/* End PBXSourcesBuildPhase section */

/* Begin PBXVariantGroup section */
		95E1BB671F3014D400D49D80 /* Main.storyboard */ = {
			isa = PBXVariantGroup;
			children = (
				95E1BB681F3014D400D49D80 /* Base */,
			);
			name = Main.storyboard;
			sourceTree = "<group>";
		};
		95E1BB6C1F3014D400D49D80 /* LaunchScreen.storyboard */ = {
			isa = PBXVariantGroup;
			children = (
				95E1BB6D1F3014D400D49D80 /* Base */,
			);
			name = LaunchScreen.storyboard;
			sourceTree = "<group>";
		};
/* End PBXVariantGroup section */

/* Begin XCBuildConfiguration section */
		95E1BB701F3014D400D49D80 /* Debug */ = {
			isa = XCBuildConfiguration;
			buildSettings = {
				ALWAYS_SEARCH_USER_PATHS = NO;
				CLANG_ANALYZER_NONNULL = YES;
				CLANG_ANALYZER_NUMBER_OBJECT_CONVERSION = YES_AGGRESSIVE;
				CLANG_CXX_LANGUAGE_STANDARD = "gnu++0x";
				CLANG_CXX_LIBRARY = "libc++";
				CLANG_ENABLE_MODULES = YES;
				CLANG_ENABLE_OBJC_ARC = YES;
				CLANG_WARN_BOOL_CONVERSION = YES;
				CLANG_WARN_CONSTANT_CONVERSION = YES;
				CLANG_WARN_DIRECT_OBJC_ISA_USAGE = YES_ERROR;
				CLANG_WARN_DOCUMENTATION_COMMENTS = YES;
				CLANG_WARN_EMPTY_BODY = YES;
				CLANG_WARN_ENUM_CONVERSION = YES;
				CLANG_WARN_INFINITE_RECURSION = YES;
				CLANG_WARN_INT_CONVERSION = YES;
				CLANG_WARN_OBJC_ROOT_CLASS = YES_ERROR;
				CLANG_WARN_SUSPICIOUS_MOVE = YES;
				CLANG_WARN_UNREACHABLE_CODE = YES;
				CLANG_WARN__DUPLICATE_METHOD_MATCH = YES;
				"CODE_SIGN_IDENTITY[sdk=iphoneos*]" = "iPhone Developer";
				COPY_PHASE_STRIP = NO;
				DEBUG_INFORMATION_FORMAT = dwarf;
				ENABLE_STRICT_OBJC_MSGSEND = YES;
				ENABLE_TESTABILITY = YES;
				GCC_C_LANGUAGE_STANDARD = gnu99;
				GCC_DYNAMIC_NO_PIC = NO;
				GCC_NO_COMMON_BLOCKS = YES;
				GCC_OPTIMIZATION_LEVEL = 0;
				GCC_PREPROCESSOR_DEFINITIONS = (
					"DEBUG=1",
					"$(inherited)",
				);
				GCC_WARN_64_TO_32_BIT_CONVERSION = YES;
				GCC_WARN_ABOUT_RETURN_TYPE = YES_ERROR;
				GCC_WARN_UNDECLARED_SELECTOR = YES;
				GCC_WARN_UNINITIALIZED_AUTOS = YES_AGGRESSIVE;
				GCC_WARN_UNUSED_FUNCTION = YES;
				GCC_WARN_UNUSED_VARIABLE = YES;
				IPHONEOS_DEPLOYMENT_TARGET = 10.3;
				MTL_ENABLE_DEBUG_INFO = YES;
				ONLY_ACTIVE_ARCH = YES;
				SDKROOT = iphoneos;
			};
			name = Debug;
		};
		95E1BB711F3014D400D49D80 /* Release */ = {
			isa = XCBuildConfiguration;
			buildSettings = {
				ALWAYS_SEARCH_USER_PATHS = NO;
				CLANG_ANALYZER_NONNULL = YES;
				CLANG_ANALYZER_NUMBER_OBJECT_CONVERSION = YES_AGGRESSIVE;
				CLANG_CXX_LANGUAGE_STANDARD = "gnu++0x";
				CLANG_CXX_LIBRARY = "libc++";
				CLANG_ENABLE_MODULES = YES;
				CLANG_ENABLE_OBJC_ARC = YES;
				CLANG_WARN_BOOL_CONVERSION = YES;
				CLANG_WARN_CONSTANT_CONVERSION = YES;
				CLANG_WARN_DIRECT_OBJC_ISA_USAGE = YES_ERROR;
				CLANG_WARN_DOCUMENTATION_COMMENTS = YES;
				CLANG_WARN_EMPTY_BODY = YES;
				CLANG_WARN_ENUM_CONVERSION = YES;
				CLANG_WARN_INFINITE_RECURSION = YES;
				CLANG_WARN_INT_CONVERSION = YES;
				CLANG_WARN_OBJC_ROOT_CLASS = YES_ERROR;
				CLANG_WARN_SUSPICIOUS_MOVE = YES;
				CLANG_WARN_UNREACHABLE_CODE = YES;
				CLANG_WARN__DUPLICATE_METHOD_MATCH = YES;
				"CODE_SIGN_IDENTITY[sdk=iphoneos*]" = "iPhone Developer";
				COPY_PHASE_STRIP = NO;
				DEBUG_INFORMATION_FORMAT = "dwarf-with-dsym";
				ENABLE_NS_ASSERTIONS = NO;
				ENABLE_STRICT_OBJC_MSGSEND = YES;
				GCC_C_LANGUAGE_STANDARD = gnu99;
				GCC_NO_COMMON_BLOCKS = YES;
				GCC_WARN_64_TO_32_BIT_CONVERSION = YES;
				GCC_WARN_ABOUT_RETURN_TYPE = YES_ERROR;
				GCC_WARN_UNDECLARED_SELECTOR = YES;
				GCC_WARN_UNINITIALIZED_AUTOS = YES_AGGRESSIVE;
				GCC_WARN_UNUSED_FUNCTION = YES;
				GCC_WARN_UNUSED_VARIABLE = YES;
				IPHONEOS_DEPLOYMENT_TARGET = 10.3;
				MTL_ENABLE_DEBUG_INFO = NO;
				SDKROOT = iphoneos;
				VALIDATE_PRODUCT = YES;
			};
			name = Release;
		};
		95E1BB731F3014D400D49D80 /* Debug */ = {
			isa = XCBuildConfiguration;
			buildSettings = {
				ASSETCATALOG_COMPILER_APPICON_NAME = AppIcon;
				INFOPLIST_FILE = "多界面传值/Info.plist";
				LD_RUNPATH_SEARCH_PATHS = "$(inherited) @executable_path/Frameworks";
				PRODUCT_BUNDLE_IDENTIFIER = "com.linsir.-----";
				PRODUCT_NAME = "$(TARGET_NAME)";
			};
			name = Debug;
		};
		95E1BB741F3014D400D49D80 /* Release */ = {
			isa = XCBuildConfiguration;
			buildSettings = {
				ASSETCATALOG_COMPILER_APPICON_NAME = AppIcon;
				INFOPLIST_FILE = "多界面传值/Info.plist";
				LD_RUNPATH_SEARCH_PATHS = "$(inherited) @executable_path/Frameworks";
				PRODUCT_BUNDLE_IDENTIFIER = "com.linsir.-----";
				PRODUCT_NAME = "$(TARGET_NAME)";
			};
			name = Release;
		};
/* End XCBuildConfiguration section */

/* Begin XCConfigurationList section */
		95E1BB561F3014D400D49D80 /* Build configuration list for PBXProject "多界面传值" */ = {
			isa = XCConfigurationList;
			buildConfigurations = (
				95E1BB701F3014D400D49D80 /* Debug */,
				95E1BB711F3014D400D49D80 /* Release */,
			);
			defaultConfigurationIsVisible = 0;
			defaultConfigurationName = Release;
		};
		95E1BB721F3014D400D49D80 /* Build configuration list for PBXNativeTarget "多界面传值" */ = {
			isa = XCConfigurationList;
			buildConfigurations = (
				95E1BB731F3014D400D49D80 /* Debug */,
				95E1BB741F3014D400D49D80 /* Release */,
			);
			defaultConfigurationIsVisible = 0;
		};
/* End XCConfigurationList section */
	};
	rootObject = 95E1BB531F3014D400D49D80 /* Project object */;
}
